
Microsoft Visual Studio Solution File, Format Version 12.00
# Visual Studio Version 17
VisualStudioVersion = 17.6.33801.468
MinimumVisualStudioVersion = 10.0.40219.1
Project("{9092AA53-FB77-4645-B42D-1CCCA6BD08BD}") = "Weather Forecast", "Weather Forecast\Weather Forecast.njsproj", "{2637211C-1C16-40EF-915C-C6C429E3898C}"
EndProject
Global
	GlobalSection(SolutionConfigurationPlatforms) = preSolution
		Debug|Any CPU = Debug|Any CPU
		Release|Any CPU = Release|Any CPU
	EndGlobalSection
	GlobalSection(ProjectConfigurationPlatforms) = postSolution
		{2637211C-1C16-40EF-915C-C6C429E3898C}.Debug|Any CPU.ActiveCfg = Debug|Any CPU
		{2637211C-1C16-40EF-915C-C6C429E3898C}.Debug|Any CPU.Build.0 = Debug|Any CPU
		{2637211C-1C16-40EF-915C-C6C429E3898C}.Release|Any CPU.ActiveCfg = Release|Any CPU
		{2637211C-1C16-40EF-915C-C6C429E3898C}.Release|Any CPU.Build.0 = Release|Any CPU
	EndGlobalSection
	GlobalSection(SolutionProperties) = preSolution
		HideSolutionNode = FALSE
	EndGlobalSection
	GlobalSection(ExtensibilityGlobals) = postSolution
		SolutionGuid = {D43B7FB6-4807-4F09-AD13-A4F2115D2296}
	EndGlobalSection
EndGlobal
